
Microsoft Visual Studio Solution File, Format Version 12.00
# Visual Studio Version 17
VisualStudioVersion = 17.5.002.0
MinimumVisualStudioVersion = 10.0.40219.1
Project("{2150E333-8FDC-42A3-9474-1A3956D46DE8}") = "sandbox", "sandbox", "{DDADCB6F-3CC2-4BFE-95ED-2650F9E52D48}"
EndProject
Project("{9A19103F-16F7-4668-BE54-9A1E7A4F7556}") = "sandbox_project", "sandbox\sandbox_project\sandbox_project.csproj", "{C7D9B669-CB33-47AC-9F3C-4ACD2091E76D}"
EndProject
Project("{2150E333-8FDC-42A3-9474-1A3956D46DE8}") = "week01", "week01", "{3098721D-10E1-49CD-8858-EC5B39B7221B}"
EndProject
Project("{9A19103F-16F7-4668-BE54-9A1E7A4F7556}") = "analyze", "week01\analyze\analyze.csproj", "{13127F09-287E-47BB-8B0F-ABD69BED72DC}"
EndProject
Project("{9A19103F-16F7-4668-BE54-9A1E7A4F7556}") = "code", "week01\code\code.csproj", "{9E78B837-6348-45DB-8F1E-CE7B30D8ACFB}"
EndProject
Project("{9A19103F-16F7-4668-BE54-9A1E7A4F7556}") = "teach", "week01\teach\teach.csproj", "{88A78D39-B366-4C16-A698-9B8B282DE992}"
EndProject
Project("{2150E333-8FDC-42A3-9474-1A3956D46DE8}") = "week02", "week02", "{6059C708-A8DE-44DA-B9FD-EB551807DC25}"
EndProject
Project("{9A19103F-16F7-4668-BE54-9A1E7A4F7556}") = "analyze", "week02\analyze\analyze.csproj", "{4986E8B8-ED8A-4E49-8933-9E8D4B2C6E9A}"
EndProject
Project("{9A19103F-16F7-4668-BE54-9A1E7A4F7556}") = "code", "week02\code\code.csproj", "{11287BEA-BD76-4AC3-96D2-394B582DABCA}"
EndProject
Project("{9A19103F-16F7-4668-BE54-9A1E7A4F7556}") = "learn", "week02\learn\learn.csproj", "{44BD1F31-7C89-47FA-A473-EDE10820850A}"
EndProject
Project("{9A19103F-16F7-4668-BE54-9A1E7A4F7556}") = "teach", "week02\teach\teach.csproj", "{726015CC-C001-47ED-8A61-96A7F0E15F54}"
EndProject
Project("{2150E333-8FDC-42A3-9474-1A3956D46DE8}") = "week03", "week03", "{1A234D3F-9766-4CC5-9EAA-0C4EABED6EEE}"
EndProject
Project("{9A19103F-16F7-4668-BE54-9A1E7A4F7556}") = "code", "week03\code\code.csproj", "{2F4AD485-9AB6-4466-BB39-B2C010558A37}"
EndProject
Project("{9A19103F-16F7-4668-BE54-9A1E7A4F7556}") = "learn", "week03\learn\learn.csproj", "{F25AB6C0-7811-4D86-B4C3-C7B59C94D936}"
EndProject
Project("{9A19103F-16F7-4668-BE54-9A1E7A4F7556}") = "teach", "week03\teach\teach.csproj", "{F59DAF19-39C6-4C93-8497-D2D6E1CE2686}"
EndProject
Project("{2150E333-8FDC-42A3-9474-1A3956D46DE8}") = "week04", "week04", "{51FB89B8-8E13-4145-9491-E2FCE38EB4FA}"
EndProject
Project("{9A19103F-16F7-4668-BE54-9A1E7A4F7556}") = "code", "week04\code\code.csproj", "{980BE659-9AC2-41EE-AF4A-7A57542DCDF7}"
EndProject
Project("{2150E333-8FDC-42A3-9474-1A3956D46DE8}") = "week05", "week05", "{B8B97031-6A62-4E38-9ADA-18529D245D79}"
EndProject
Project("{9A19103F-16F7-4668-BE54-9A1E7A4F7556}") = "code", "week05\code\code.csproj", "{26A33500-5FD5-40E0-9FFB-7BEEC2EC51E5}"
EndProject
Project("{2150E333-8FDC-42A3-9474-1A3956D46DE8}") = "week06", "week06", "{4BED17AC-3BEA-464A-97BF-8BF6E3AF3153}"
EndProject
Project("{9A19103F-16F7-4668-BE54-9A1E7A4F7556}") = "code", "week06\code\code.csproj", "{0C60096B-85A6-4E7B-B11C-85BE96218D15}"
EndProject
Global
	GlobalSection(SolutionConfigurationPlatforms) = preSolution
		Debug|Any CPU = Debug|Any CPU
		Release|Any CPU = Release|Any CPU
	EndGlobalSection
	GlobalSection(ProjectConfigurationPlatforms) = postSolution
		{C7D9B669-CB33-47AC-9F3C-4ACD2091E76D}.Debug|Any CPU.ActiveCfg = Debug|Any CPU
		{C7D9B669-CB33-47AC-9F3C-4ACD2091E76D}.Debug|Any CPU.Build.0 = Debug|Any CPU
		{C7D9B669-CB33-47AC-9F3C-4ACD2091E76D}.Release|Any CPU.ActiveCfg = Release|Any CPU
		{C7D9B669-CB33-47AC-9F3C-4ACD2091E76D}.Release|Any CPU.Build.0 = Release|Any CPU
		{13127F09-287E-47BB-8B0F-ABD69BED72DC}.Debug|Any CPU.ActiveCfg = Debug|Any CPU
		{13127F09-287E-47BB-8B0F-ABD69BED72DC}.Debug|Any CPU.Build.0 = Debug|Any CPU
		{13127F09-287E-47BB-8B0F-ABD69BED72DC}.Release|Any CPU.ActiveCfg = Release|Any CPU
		{13127F09-287E-47BB-8B0F-ABD69BED72DC}.Release|Any CPU.Build.0 = Release|Any CPU
		{9E78B837-6348-45DB-8F1E-CE7B30D8ACFB}.Debug|Any CPU.ActiveCfg = Debug|Any CPU
		{9E78B837-6348-45DB-8F1E-CE7B30D8ACFB}.Debug|Any CPU.Build.0 = Debug|Any CPU
		{9E78B837-6348-45DB-8F1E-CE7B30D8ACFB}.Release|Any CPU.ActiveCfg = Release|Any CPU
		{9E78B837-6348-45DB-8F1E-CE7B30D8ACFB}.Release|Any CPU.Build.0 = Release|Any CPU
		{88A78D39-B366-4C16-A698-9B8B282DE992}.Debug|Any CPU.ActiveCfg = Debug|Any CPU
		{88A78D39-B366-4C16-A698-9B8B282DE992}.Debug|Any CPU.Build.0 = Debug|Any CPU
		{88A78D39-B366-4C16-A698-9B8B282DE992}.Release|Any CPU.ActiveCfg = Release|Any CPU
		{88A78D39-B366-4C16-A698-9B8B282DE992}.Release|Any CPU.Build.0 = Release|Any CPU
		{4986E8B8-ED8A-4E49-8933-9E8D4B2C6E9A}.Debug|Any CPU.ActiveCfg = Debug|Any CPU
		{4986E8B8-ED8A-4E49-8933-9E8D4B2C6E9A}.Debug|Any CPU.Build.0 = Debug|Any CPU
		{4986E8B8-ED8A-4E49-8933-9E8D4B2C6E9A}.Release|Any CPU.ActiveCfg = Release|Any CPU
		{4986E8B8-ED8A-4E49-8933-9E8D4B2C6E9A}.Release|Any CPU.Build.0 = Release|Any CPU
		{11287BEA-BD76-4AC3-96D2-394B582DABCA}.Debug|Any CPU.ActiveCfg = Debug|Any CPU
		{11287BEA-BD76-4AC3-96D2-394B582DABCA}.Debug|Any CPU.Build.0 = Debug|Any CPU
		{11287BEA-BD76-4AC3-96D2-394B582DABCA}.Release|Any CPU.ActiveCfg = Release|Any CPU
		{11287BEA-BD76-4AC3-96D2-394B582DABCA}.Release|Any CPU.Build.0 = Release|Any CPU
		{44BD1F31-7C89-47FA-A473-EDE10820850A}.Debug|Any CPU.ActiveCfg = Debug|Any CPU
		{44BD1F31-7C89-47FA-A473-EDE10820850A}.Debug|Any CPU.Build.0 = Debug|Any CPU
		{44BD1F31-7C89-47FA-A473-EDE10820850A}.Release|Any CPU.ActiveCfg = Release|Any CPU
		{44BD1F31-7C89-47FA-A473-EDE10820850A}.Release|Any CPU.Build.0 = Release|Any CPU
		{726015CC-C001-47ED-8A61-96A7F0E15F54}.Debug|Any CPU.ActiveCfg = Debug|Any CPU
		{726015CC-C001-47ED-8A61-96A7F0E15F54}.Debug|Any CPU.Build.0 = Debug|Any CPU
		{726015CC-C001-47ED-8A61-96A7F0E15F54}.Release|Any CPU.ActiveCfg = Release|Any CPU
		{726015CC-C001-47ED-8A61-96A7F0E15F54}.Release|Any CPU.Build.0 = Release|Any CPU
		{2F4AD485-9AB6-4466-BB39-B2C010558A37}.Debug|Any CPU.ActiveCfg = Debug|Any CPU
		{2F4AD485-9AB6-4466-BB39-B2C010558A37}.Debug|Any CPU.Build.0 = Debug|Any CPU
		{2F4AD485-9AB6-4466-BB39-B2C010558A37}.Release|Any CPU.ActiveCfg = Release|Any CPU
		{2F4AD485-9AB6-4466-BB39-B2C010558A37}.Release|Any CPU.Build.0 = Release|Any CPU
		{F25AB6C0-7811-4D86-B4C3-C7B59C94D936}.Debug|Any CPU.ActiveCfg = Debug|Any CPU
		{F25AB6C0-7811-4D86-B4C3-C7B59C94D936}.Debug|Any CPU.Build.0 = Debug|Any CPU
		{F25AB6C0-7811-4D86-B4C3-C7B59C94D936}.Release|Any CPU.ActiveCfg = Release|Any CPU
		{F25AB6C0-7811-4D86-B4C3-C7B59C94D936}.Release|Any CPU.Build.0 = Release|Any CPU
		{F59DAF19-39C6-4C93-8497-D2D6E1CE2686}.Debug|Any CPU.ActiveCfg = Debug|Any CPU
		{F59DAF19-39C6-4C93-8497-D2D6E1CE2686}.Debug|Any CPU.Build.0 = Debug|Any CPU
		{F59DAF19-39C6-4C93-8497-D2D6E1CE2686}.Release|Any CPU.ActiveCfg = Release|Any CPU
		{F59DAF19-39C6-4C93-8497-D2D6E1CE2686}.Release|Any CPU.Build.0 = Release|Any CPU
		{980BE659-9AC2-41EE-AF4A-7A57542DCDF7}.Debug|Any CPU.ActiveCfg = Debug|Any CPU
		{980BE659-9AC2-41EE-AF4A-7A57542DCDF7}.Debug|Any CPU.Build.0 = Debug|Any CPU
		{980BE659-9AC2-41EE-AF4A-7A57542DCDF7}.Release|Any CPU.ActiveCfg = Release|Any CPU
		{980BE659-9AC2-41EE-AF4A-7A57542DCDF7}.Release|Any CPU.Build.0 = Release|Any CPU
		{26A33500-5FD5-40E0-9FFB-7BEEC2EC51E5}.Debug|Any CPU.ActiveCfg = Debug|Any CPU
		{26A33500-5FD5-40E0-9FFB-7BEEC2EC51E5}.Debug|Any CPU.Build.0 = Debug|Any CPU
		{26A33500-5FD5-40E0-9FFB-7BEEC2EC51E5}.Release|Any CPU.ActiveCfg = Release|Any CPU
		{26A33500-5FD5-40E0-9FFB-7BEEC2EC51E5}.Release|Any CPU.Build.0 = Release|Any CPU
		{0C60096B-85A6-4E7B-B11C-85BE96218D15}.Debug|Any CPU.ActiveCfg = Debug|Any CPU
		{0C60096B-85A6-4E7B-B11C-85BE96218D15}.Debug|Any CPU.Build.0 = Debug|Any CPU
		{0C60096B-85A6-4E7B-B11C-85BE96218D15}.Release|Any CPU.ActiveCfg = Release|Any CPU
		{0C60096B-85A6-4E7B-B11C-85BE96218D15}.Release|Any CPU.Build.0 = Release|Any CPU
	EndGlobalSection
	GlobalSection(SolutionProperties) = preSolution
		HideSolutionNode = FALSE
	EndGlobalSection
	GlobalSection(NestedProjects) = preSolution
		{C7D9B669-CB33-47AC-9F3C-4ACD2091E76D} = {DDADCB6F-3CC2-4BFE-95ED-2650F9E52D48}
		{13127F09-287E-47BB-8B0F-ABD69BED72DC} = {3098721D-10E1-49CD-8858-EC5B39B7221B}
		{9E78B837-6348-45DB-8F1E-CE7B30D8ACFB} = {3098721D-10E1-49CD-8858-EC5B39B7221B}
		{88A78D39-B366-4C16-A698-9B8B282DE992} = {3098721D-10E1-49CD-8858-EC5B39B7221B}
		{4986E8B8-ED8A-4E49-8933-9E8D4B2C6E9A} = {6059C708-A8DE-44DA-B9FD-EB551807DC25}
		{11287BEA-BD76-4AC3-96D2-394B582DABCA} = {6059C708-A8DE-44DA-B9FD-EB551807DC25}
		{44BD1F31-7C89-47FA-A473-EDE10820850A} = {6059C708-A8DE-44DA-B9FD-EB551807DC25}
		{726015CC-C001-47ED-8A61-96A7F0E15F54} = {6059C708-A8DE-44DA-B9FD-EB551807DC25}
		{2F4AD485-9AB6-4466-BB39-B2C010558A37} = {1A234D3F-9766-4CC5-9EAA-0C4EABED6EEE}
		{F25AB6C0-7811-4D86-B4C3-C7B59C94D936} = {1A234D3F-9766-4CC5-9EAA-0C4EABED6EEE}
		{F59DAF19-39C6-4C93-8497-D2D6E1CE2686} = {1A234D3F-9766-4CC5-9EAA-0C4EABED6EEE}
		{980BE659-9AC2-41EE-AF4A-7A57542DCDF7} = {51FB89B8-8E13-4145-9491-E2FCE38EB4FA}
		{26A33500-5FD5-40E0-9FFB-7BEEC2EC51E5} = {B8B97031-6A62-4E38-9ADA-18529D245D79}
		{0C60096B-85A6-4E7B-B11C-85BE96218D15} = {4BED17AC-3BEA-464A-97BF-8BF6E3AF3153}
	EndGlobalSection
	GlobalSection(ExtensibilityGlobals) = postSolution
		SolutionGuid = {CDEF288D-4B0D-4352-8033-7BE4A11383B5}
	EndGlobalSection
EndGlobal
